Microsoft Visual Studio Solution File, Format Version 12.00
# Visual Studio Version 16
VisualStudioVersion = 16.0.30002.166
MinimumVisualStudioVersion = 10.0.40219.1
Project("{9A19103F-16F7-4668-BE54-9A1E7A4F7556}") = "CS321_W4D2_ExerciseLogAPI", "CS321_W4D2_ExerciseLogAPI\CS321_W4D2_ExerciseLogAPI.csproj", "{ABA5FF78-BCA2-4226-9503-38356F4006A0}"
EndProject
Project("{FAE04EC0-301F-11D3-BF4B-00C04F79EFBC}") = "CS321_W4D2_ExerciseLogAPI.Core", "CS321_W4D2_ExerciseLogAPI.Core\CS321_W4D2_ExerciseLogAPI.Core.csproj", "{40258F04-DD7E-47A7-B402-08F8DD39E12E}"
EndProject
Project("{FAE04EC0-301F-11D3-BF4B-00C04F79EFBC}") = "CS321_W4D2_ExerciseLogAPI.Infrastructure", "CS321_W4D2_ExerciseLogAPI.Infrastructure\CS321_W4D2_ExerciseLogAPI.Infrastructure.csproj", "{39501CC0-FBAB-4D70-965F-5770D82B2DAC}"
EndProject
Global
	GlobalSection(SolutionConfigurationPlatforms) = preSolution
		Debug|Any CPU = Debug|Any CPU
		Release|Any CPU = Release|Any CPU
	EndGlobalSection
	GlobalSection(ProjectConfigurationPlatforms) = postSolution
		{ABA5FF78-BCA2-4226-9503-38356F4006A0}.Debug|Any CPU.ActiveCfg = Debug|Any CPU
		{ABA5FF78-BCA2-4226-9503-38356F4006A0}.Debug|Any CPU.Build.0 = Debug|Any CPU
		{ABA5FF78-BCA2-4226-9503-38356F4006A0}.Release|Any CPU.ActiveCfg = Release|Any CPU
		{ABA5FF78-BCA2-4226-9503-38356F4006A0}.Release|Any CPU.Build.0 = Release|Any CPU
		{40258F04-DD7E-47A7-B402-08F8DD39E12E}.Debug|Any CPU.ActiveCfg = Debug|Any CPU
		{40258F04-DD7E-47A7-B402-08F8DD39E12E}.Debug|Any CPU.Build.0 = Debug|Any CPU
		{40258F04-DD7E-47A7-B402-08F8DD39E12E}.Release|Any CPU.ActiveCfg = Release|Any CPU
		{40258F04-DD7E-47A7-B402-08F8DD39E12E}.Release|Any CPU.Build.0 = Release|Any CPU
		{39501CC0-FBAB-4D70-965F-5770D82B2DAC}.Debug|Any CPU.ActiveCfg = Debug|Any CPU
		{39501CC0-FBAB-4D70-965F-5770D82B2DAC}.Debug|Any CPU.Build.0 = Debug|Any CPU
		{39501CC0-FBAB-4D70-965F-5770D82B2DAC}.Release|Any CPU.ActiveCfg = Release|Any CPU
		{39501CC0-FBAB-4D70-965F-5770D82B2DAC}.Release|Any CPU.Build.0 = Release|Any CPU
	EndGlobalSection
	GlobalSection(SolutionProperties) = preSolution
		HideSolutionNode = FALSE
	EndGlobalSection
	GlobalSection(ExtensibilityGlobals) = postSolution
		SolutionGuid = {7458616F-ED6C-484A-988B-9735B0CF587F}
	EndGlobalSection
EndGlobal
